// !$*UTF8*$!
{
	archiveVersion = 1;
	classes = {
	};
	objectVersion = 56;
	objects = {

/* Begin PBXBuildFile section */
		3CADB95229E6D134006E92C9 /* AppDelegate.swift in Sources */ = {isa = PBXBuildFile; fileRef = 3CADB95129E6D134006E92C9 /* AppDelegate.swift */; };
		3CADB95429E6D134006E92C9 /* SceneDelegate.swift in Sources */ = {isa = PBXBuildFile; fileRef = 3CADB95329E6D134006E92C9 /* SceneDelegate.swift */; };
		3CADB95B29E6D136006E92C9 /* Assets.xcassets in Resources */ = {isa = PBXBuildFile; fileRef = 3CADB95A29E6D136006E92C9 /* Assets.xcassets */; };
		3CADB95E29E6D136006E92C9 /* LaunchScreen.storyboard in Resources */ = {isa = PBXBuildFile; fileRef = 3CADB95C29E6D136006E92C9 /* LaunchScreen.storyboard */; };
		3CCE816629E7078200EAF382 /* Umbrella in Frameworks */ = {isa = PBXBuildFile; productRef = 3CCE816529E7078200EAF382 /* Umbrella */; };
		48105D2A29F19ADA005216AE /* SkeletonUI in Frameworks */ = {isa = PBXBuildFile; productRef = 48105D2929F19ADA005216AE /* SkeletonUI */; };
		48EB159629EAD7D6004B7680 /* CustomTabBarController.swift in Sources */ = {isa = PBXBuildFile; fileRef = 48EB159529EAD7D6004B7680 /* CustomTabBarController.swift */; };
		AD5305A429E9736300BB7FA2 /* Localizable.strings in Resources */ = {isa = PBXBuildFile; fileRef = AD5305A629E9736300BB7FA2 /* Localizable.strings */; };
		F431B5F9AD728C57BC1D6C10 /* Pods_FlingoLingo.framework in Frameworks */ = {isa = PBXBuildFile; fileRef = 785A1D2192B6CD60EB676546 /* Pods_FlingoLingo.framework */; };
/* End PBXBuildFile section */

/* Begin PBXFileReference section */
		28F4BC347823285BC8ECC2B7 /* Pods-FlingoLingo.release.xcconfig */ = {isa = PBXFileReference; includeInIndex = 1; lastKnownFileType = text.xcconfig; name = "Pods-FlingoLingo.release.xcconfig"; path = "Target Support Files/Pods-FlingoLingo/Pods-FlingoLingo.release.xcconfig"; sourceTree = "<group>"; };
		3C99C24029E7060100CC546E /* Modules */ = {isa = PBXFileReference; lastKnownFileType = wrapper; name = Modules; path = FlingoLingo/Modules; sourceTree = "<group>"; };
		3CADB94E29E6D134006E92C9 /* FlingoLingo.app */ = {isa = PBXFileReference; explicitFileType = wrapper.application; includeInIndex = 0; path = FlingoLingo.app; sourceTree = BUILT_PRODUCTS_DIR; };
		3CADB95129E6D134006E92C9 /* AppDelegate.swift */ = {isa = PBXFileReference; lastKnownFileType = sourcecode.swift; path = AppDelegate.swift; sourceTree = "<group>"; };
		3CADB95329E6D134006E92C9 /* SceneDelegate.swift */ = {isa = PBXFileReference; lastKnownFileType = sourcecode.swift; path = SceneDelegate.swift; sourceTree = "<group>"; };
		3CADB95A29E6D136006E92C9 /* Assets.xcassets */ = {isa = PBXFileReference; lastKnownFileType = folder.assetcatalog; path = Assets.xcassets; sourceTree = "<group>"; };
		3CADB95D29E6D136006E92C9 /* Base */ = {isa = PBXFileReference; lastKnownFileType = file.storyboard; name = Base; path = Base.lproj/LaunchScreen.storyboard; sourceTree = "<group>"; };
		3CADB95F29E6D136006E92C9 /* Info.plist */ = {isa = PBXFileReference; lastKnownFileType = text.plist.xml; path = Info.plist; sourceTree = "<group>"; };
		48EB159529EAD7D6004B7680 /* CustomTabBarController.swift */ = {isa = PBXFileReference; lastKnownFileType = sourcecode.swift; path = CustomTabBarController.swift; sourceTree = "<group>"; };
		777DEB545E12CF6686EC5BFF /* Pods-FlingoLingo.debug.xcconfig */ = {isa = PBXFileReference; includeInIndex = 1; lastKnownFileType = text.xcconfig; name = "Pods-FlingoLingo.debug.xcconfig"; path = "Target Support Files/Pods-FlingoLingo/Pods-FlingoLingo.debug.xcconfig"; sourceTree = "<group>"; };
		785A1D2192B6CD60EB676546 /* Pods_FlingoLingo.framework */ = {isa = PBXFileReference; explicitFileType = wrapper.framework; includeInIndex = 0; path = Pods_FlingoLingo.framework; sourceTree = BUILT_PRODUCTS_DIR; };
		AD5305AA29E9754F00BB7FA2 /* ru */ = {isa = PBXFileReference; lastKnownFileType = text.plist.strings; name = ru; path = ru.lproj/Localizable.strings; sourceTree = "<group>"; };
/* End PBXFileReference section */

/* Begin PBXFrameworksBuildPhase section */
		3CADB94B29E6D134006E92C9 /* Frameworks */ = {
			isa = PBXFrameworksBuildPhase;
			buildActionMask = 2147483647;
			files = (
				3CCE816629E7078200EAF382 /* Umbrella in Frameworks */,
				48105D2A29F19ADA005216AE /* SkeletonUI in Frameworks */,
				F431B5F9AD728C57BC1D6C10 /* Pods_FlingoLingo.framework in Frameworks */,
			);
			runOnlyForDeploymentPostprocessing = 0;
		};
/* End PBXFrameworksBuildPhase section */

/* Begin PBXGroup section */
		3CADB94529E6D134006E92C9 = {
			isa = PBXGroup;
			children = (
				C3939BB329EC6A06000ADC55 /* Pods */,
				3CADB95029E6D134006E92C9 /* FlingoLingo */,
				3C99C24029E7060100CC546E /* Modules */,
				3CADB94F29E6D134006E92C9 /* Products */,
				3CCE816429E7078200EAF382 /* Frameworks */,
			);
			sourceTree = "<group>";
		};
		3CADB94F29E6D134006E92C9 /* Products */ = {
			isa = PBXGroup;
			children = (
				3CADB94E29E6D134006E92C9 /* FlingoLingo.app */,
			);
			name = Products;
			sourceTree = "<group>";
		};
		3CADB95029E6D134006E92C9 /* FlingoLingo */ = {
			isa = PBXGroup;
			children = (
				3CADB95129E6D134006E92C9 /* AppDelegate.swift */,
				3CADB95329E6D134006E92C9 /* SceneDelegate.swift */,
				3CADB95A29E6D136006E92C9 /* Assets.xcassets */,
				3CADB95C29E6D136006E92C9 /* LaunchScreen.storyboard */,
				AD5305A629E9736300BB7FA2 /* Localizable.strings */,
				3CADB95F29E6D136006E92C9 /* Info.plist */,
				48EB159529EAD7D6004B7680 /* CustomTabBarController.swift */,
			);
			path = FlingoLingo;
			sourceTree = "<group>";
		};
		3CCE816429E7078200EAF382 /* Frameworks */ = {
			isa = PBXGroup;
			children = (
				785A1D2192B6CD60EB676546 /* Pods_FlingoLingo.framework */,
			);
			name = Frameworks;
			sourceTree = "<group>";
		};
		C3939BB329EC6A06000ADC55 /* Pods */ = {
			isa = PBXGroup;
			children = (
				777DEB545E12CF6686EC5BFF /* Pods-FlingoLingo.debug.xcconfig */,
				28F4BC347823285BC8ECC2B7 /* Pods-FlingoLingo.release.xcconfig */,
			);
			path = Pods;
			sourceTree = "<group>";
		};
/* End PBXGroup section */

/* Begin PBXNativeTarget section */
		3CADB94D29E6D134006E92C9 /* FlingoLingo */ = {
			isa = PBXNativeTarget;
			buildConfigurationList = 3CADB96229E6D136006E92C9 /* Build configuration list for PBXNativeTarget "FlingoLingo" */;
			buildPhases = (
				BBDD9761CB5E74668DA93410 /* [CP] Check Pods Manifest.lock */,
				3CB4C65B29E8434000BF6282 /* ShellScript */,
				3CADB94A29E6D134006E92C9 /* Sources */,
				3CADB94B29E6D134006E92C9 /* Frameworks */,
				3CADB94C29E6D134006E92C9 /* Resources */,
			);
			buildRules = (
			);
			dependencies = (
			);
			name = FlingoLingo;
			packageProductDependencies = (
				3CCE816529E7078200EAF382 /* Umbrella */,
				48105D2929F19ADA005216AE /* SkeletonUI */,
			);
			productName = FlingoLingo;
			productReference = 3CADB94E29E6D134006E92C9 /* FlingoLingo.app */;
			productType = "com.apple.product-type.application";
		};
/* End PBXNativeTarget section */

/* Begin PBXProject section */
		3CADB94629E6D134006E92C9 /* Project object */ = {
			isa = PBXProject;
			attributes = {
				BuildIndependentTargetsInParallel = 1;
				LastSwiftUpdateCheck = 1420;
				LastUpgradeCheck = 1420;
				TargetAttributes = {
					3CADB94D29E6D134006E92C9 = {
						CreatedOnToolsVersion = 14.2;
					};
				};
			};
			buildConfigurationList = 3CADB94929E6D134006E92C9 /* Build configuration list for PBXProject "FlingoLingo" */;
			compatibilityVersion = "Xcode 14.0";
			developmentRegion = ru;
			hasScannedForEncodings = 0;
			knownRegions = (
				Base,
				ru,
			);
			mainGroup = 3CADB94529E6D134006E92C9;
			packageReferences = (
				48105D2829F19ADA005216AE /* XCRemoteSwiftPackageReference "SkeletonUI" */,
			);
			productRefGroup = 3CADB94F29E6D134006E92C9 /* Products */;
			projectDirPath = "";
			projectRoot = "";
			targets = (
				3CADB94D29E6D134006E92C9 /* FlingoLingo */,
			);
		};
/* End PBXProject section */

/* Begin PBXResourcesBuildPhase section */
		3CADB94C29E6D134006E92C9 /* Resources */ = {
			isa = PBXResourcesBuildPhase;
			buildActionMask = 2147483647;
			files = (
				3CADB95E29E6D136006E92C9 /* LaunchScreen.storyboard in Resources */,
				AD5305A429E9736300BB7FA2 /* Localizable.strings in Resources */,
				3CADB95B29E6D136006E92C9 /* Assets.xcassets in Resources */,
			);
			runOnlyForDeploymentPostprocessing = 0;
		};
/* End PBXResourcesBuildPhase section */

/* Begin PBXShellScriptBuildPhase section */
		3CB4C65B29E8434000BF6282 /* ShellScript */ = {
			isa = PBXShellScriptBuildPhase;
			buildActionMask = 2147483647;
			files = (
			);
			inputFileListPaths = (
			);
			inputPaths = (
			);
			outputFileListPaths = (
			);
			outputPaths = (
			);
			runOnlyForDeploymentPostprocessing = 0;
			shellPath = /bin/sh;
			shellScript = "# Type a script or drag a script file from your workspace to insert its path.\n\"${PODS_ROOT}/SwiftLint/swiftlint\"\n";
		};
		BBDD9761CB5E74668DA93410 /* [CP] Check Pods Manifest.lock */ = {
			isa = PBXShellScriptBuildPhase;
			buildActionMask = 2147483647;
			files = (
			);
			inputFileListPaths = (
			);
			inputPaths = (
				"${PODS_PODFILE_DIR_PATH}/Podfile.lock",
				"${PODS_ROOT}/Manifest.lock",
			);
			name = "[CP] Check Pods Manifest.lock";
			outputFileListPaths = (
			);
			outputPaths = (
				"$(DERIVED_FILE_DIR)/Pods-FlingoLingo-checkManifestLockResult.txt",
			);
			runOnlyForDeploymentPostprocessing = 0;
			shellPath = /bin/sh;
			shellScript = "diff \"${PODS_PODFILE_DIR_PATH}/Podfile.lock\" \"${PODS_ROOT}/Manifest.lock\" > /dev/null\nif [ $? != 0 ] ; then\n    # print error to STDERR\n    echo \"error: The sandbox is not in sync with the Podfile.lock. Run 'pod install' or update your CocoaPods installation.\" >&2\n    exit 1\nfi\n# This output is used by Xcode 'outputs' to avoid re-running this script phase.\necho \"SUCCESS\" > \"${SCRIPT_OUTPUT_FILE_0}\"\n";
			showEnvVarsInLog = 0;
		};
/* End PBXShellScriptBuildPhase section */

/* Begin PBXSourcesBuildPhase section */
		3CADB94A29E6D134006E92C9 /* Sources */ = {
			isa = PBXSourcesBuildPhase;
			buildActionMask = 2147483647;
			files = (
				3CADB95229E6D134006E92C9 /* AppDelegate.swift in Sources */,
				3CADB95429E6D134006E92C9 /* SceneDelegate.swift in Sources */,
				48EB159629EAD7D6004B7680 /* CustomTabBarController.swift in Sources */,
			);
			runOnlyForDeploymentPostprocessing = 0;
		};
/* End PBXSourcesBuildPhase section */

/* Begin PBXVariantGroup section */
		3CADB95C29E6D136006E92C9 /* LaunchScreen.storyboard */ = {
			isa = PBXVariantGroup;
			children = (
				3CADB95D29E6D136006E92C9 /* Base */,
			);
			name = LaunchScreen.storyboard;
			sourceTree = "<group>";
		};
		AD5305A629E9736300BB7FA2 /* Localizable.strings */ = {
			isa = PBXVariantGroup;
			children = (
				AD5305AA29E9754F00BB7FA2 /* ru */,
			);
			name = Localizable.strings;
			sourceTree = "<group>";
		};
/* End PBXVariantGroup section */

/* Begin XCBuildConfiguration section */
		3CADB96029E6D136006E92C9 /* Debug */ = {
			isa = XCBuildConfiguration;
			buildSettings = {
				ALWAYS_SEARCH_USER_PATHS = NO;
				CLANG_ANALYZER_LOCALIZABILITY_NONLOCALIZED = YES;
				CLANG_ANALYZER_NONNULL = YES;
				CLANG_ANALYZER_NUMBER_OBJECT_CONVERSION = YES_AGGRESSIVE;
				CLANG_CXX_LANGUAGE_STANDARD = "gnu++20";
				CLANG_ENABLE_MODULES = YES;
				CLANG_ENABLE_OBJC_ARC = YES;
				CLANG_ENABLE_OBJC_WEAK = YES;
				CLANG_WARN_BLOCK_CAPTURE_AUTORELEASING = YES;
				CLANG_WARN_BOOL_CONVERSION = YES;
				CLANG_WARN_COMMA = YES;
				CLANG_WARN_CONSTANT_CONVERSION = YES;
				CLANG_WARN_DEPRECATED_OBJC_IMPLEMENTATIONS = YES;
				CLANG_WARN_DIRECT_OBJC_ISA_USAGE = YES_ERROR;
				CLANG_WARN_DOCUMENTATION_COMMENTS = YES;
				CLANG_WARN_EMPTY_BODY = YES;
				CLANG_WARN_ENUM_CONVERSION = YES;
				CLANG_WARN_INFINITE_RECURSION = YES;
				CLANG_WARN_INT_CONVERSION = YES;
				CLANG_WARN_NON_LITERAL_NULL_CONVERSION = YES;
				CLANG_WARN_OBJC_IMPLICIT_RETAIN_SELF = YES;
				CLANG_WARN_OBJC_LITERAL_CONVERSION = YES;
				CLANG_WARN_OBJC_ROOT_CLASS = YES_ERROR;
				CLANG_WARN_QUOTED_INCLUDE_IN_FRAMEWORK_HEADER = YES;
				CLANG_WARN_RANGE_LOOP_ANALYSIS = YES;
				CLANG_WARN_STRICT_PROTOTYPES = YES;
				CLANG_WARN_SUSPICIOUS_MOVE = YES;
				CLANG_WARN_UNGUARDED_AVAILABILITY = YES_AGGRESSIVE;
				CLANG_WARN_UNREACHABLE_CODE = YES;
				CLANG_WARN__DUPLICATE_METHOD_MATCH = YES;
				COPY_PHASE_STRIP = NO;
				DEBUG_INFORMATION_FORMAT = dwarf;
				ENABLE_STRICT_OBJC_MSGSEND = YES;
				ENABLE_TESTABILITY = YES;
				GCC_C_LANGUAGE_STANDARD = gnu11;
				GCC_DYNAMIC_NO_PIC = NO;
				GCC_NO_COMMON_BLOCKS = YES;
				GCC_OPTIMIZATION_LEVEL = 0;
				GCC_PREPROCESSOR_DEFINITIONS = (
					"DEBUG=1",
					"$(inherited)",
				);
				GCC_WARN_64_TO_32_BIT_CONVERSION = YES;
				GCC_WARN_ABOUT_RETURN_TYPE = YES_ERROR;
				GCC_WARN_UNDECLARED_SELECTOR = YES;
				GCC_WARN_UNINITIALIZED_AUTOS = YES_AGGRESSIVE;
				GCC_WARN_UNUSED_FUNCTION = YES;
				GCC_WARN_UNUSED_VARIABLE = YES;
				INFOPLIST_KEY_UIUserInterfaceStyle = Dark;
				IPHONEOS_DEPLOYMENT_TARGET = 16.2;
				MTL_ENABLE_DEBUG_INFO = INCLUDE_SOURCE;
				MTL_FAST_MATH = YES;
				ONLY_ACTIVE_ARCH = YES;
				SDKROOT = iphoneos;
				SWIFT_ACTIVE_COMPILATION_CONDITIONS = DEBUG;
				SWIFT_OPTIMIZATION_LEVEL = "-Onone";
			};
			name = Debug;
		};
		3CADB96129E6D136006E92C9 /* Release */ = {
			isa = XCBuildConfiguration;
			buildSettings = {
				ALWAYS_SEARCH_USER_PATHS = NO;
				CLANG_ANALYZER_LOCALIZABILITY_NONLOCALIZED = YES;
				CLANG_ANALYZER_NONNULL = YES;
				CLANG_ANALYZER_NUMBER_OBJECT_CONVERSION = YES_AGGRESSIVE;
				CLANG_CXX_LANGUAGE_STANDARD = "gnu++20";
				CLANG_ENABLE_MODULES = YES;
				CLANG_ENABLE_OBJC_ARC = YES;
				CLANG_ENABLE_OBJC_WEAK = YES;
				CLANG_WARN_BLOCK_CAPTURE_AUTORELEASING = YES;
				CLANG_WARN_BOOL_CONVERSION = YES;
				CLANG_WARN_COMMA = YES;
				CLANG_WARN_CONSTANT_CONVERSION = YES;
				CLANG_WARN_DEPRECATED_OBJC_IMPLEMENTATIONS = YES;
				CLANG_WARN_DIRECT_OBJC_ISA_USAGE = YES_ERROR;
				CLANG_WARN_DOCUMENTATION_COMMENTS = YES;
				CLANG_WARN_EMPTY_BODY = YES;
				CLANG_WARN_ENUM_CONVERSION = YES;
				CLANG_WARN_INFINITE_RECURSION = YES;
				CLANG_WARN_INT_CONVERSION = YES;
				CLANG_WARN_NON_LITERAL_NULL_CONVERSION = YES;
				CLANG_WARN_OBJC_IMPLICIT_RETAIN_SELF = YES;
				CLANG_WARN_OBJC_LITERAL_CONVERSION = YES;
				CLANG_WARN_OBJC_ROOT_CLASS = YES_ERROR;
				CLANG_WARN_QUOTED_INCLUDE_IN_FRAMEWORK_HEADER = YES;
				CLANG_WARN_RANGE_LOOP_ANALYSIS = YES;
				CLANG_WARN_STRICT_PROTOTYPES = YES;
				CLANG_WARN_SUSPICIOUS_MOVE = YES;
				CLANG_WARN_UNGUARDED_AVAILABILITY = YES_AGGRESSIVE;
				CLANG_WARN_UNREACHABLE_CODE = YES;
				CLANG_WARN__DUPLICATE_METHOD_MATCH = YES;
				COPY_PHASE_STRIP = NO;
				DEBUG_INFORMATION_FORMAT = "dwarf-with-dsym";
				ENABLE_NS_ASSERTIONS = NO;
				ENABLE_STRICT_OBJC_MSGSEND = YES;
				GCC_C_LANGUAGE_STANDARD = gnu11;
				GCC_NO_COMMON_BLOCKS = YES;
				GCC_WARN_64_TO_32_BIT_CONVERSION = YES;
				GCC_WARN_ABOUT_RETURN_TYPE = YES_ERROR;
				GCC_WARN_UNDECLARED_SELECTOR = YES;
				GCC_WARN_UNINITIALIZED_AUTOS = YES_AGGRESSIVE;
				GCC_WARN_UNUSED_FUNCTION = YES;
				GCC_WARN_UNUSED_VARIABLE = YES;
				INFOPLIST_KEY_UIUserInterfaceStyle = Dark;
				IPHONEOS_DEPLOYMENT_TARGET = 16.2;
				MTL_ENABLE_DEBUG_INFO = NO;
				MTL_FAST_MATH = YES;
				SDKROOT = iphoneos;
				SWIFT_COMPILATION_MODE = wholemodule;
				SWIFT_OPTIMIZATION_LEVEL = "-O";
				VALIDATE_PRODUCT = YES;
			};
			name = Release;
		};
		3CADB96329E6D136006E92C9 /* Debug */ = {
			isa = XCBuildConfiguration;
			baseConfigurationReference = 777DEB545E12CF6686EC5BFF /* Pods-FlingoLingo.debug.xcconfig */;
			buildSettings = {
				ASSETCATALOG_COMPILER_APPICON_NAME = AppIcon;
				ASSETCATALOG_COMPILER_GLOBAL_ACCENT_COLOR_NAME = AccentColor;
				CODE_SIGN_STYLE = Automatic;
				CURRENT_PROJECT_VERSION = 1;
				DEVELOPMENT_TEAM = LM3CWDSTFW;
				GENERATE_INFOPLIST_FILE = YES;
				INFOPLIST_FILE = FlingoLingo/Info.plist;
				INFOPLIST_KEY_UIApplicationSupportsIndirectInputEvents = YES;
				INFOPLIST_KEY_UILaunchStoryboardName = LaunchScreen;
				INFOPLIST_KEY_UIMainStoryboardFile = "";
				INFOPLIST_KEY_UIStatusBarStyle = UIStatusBarStyleDarkContent;
				INFOPLIST_KEY_UISupportedInterfaceOrientations_iPad = UIInterfaceOrientationPortrait;
				INFOPLIST_KEY_UISupportedInterfaceOrientations_iPhone = UIInterfaceOrientationPortrait;
				IPHONEOS_DEPLOYMENT_TARGET = 16.0;
				LD_RUNPATH_SEARCH_PATHS = (
					"$(inherited)",
					"@executable_path/Frameworks",
				);
				MARKETING_VERSION = 1.0;
				PRODUCT_BUNDLE_IDENTIFIER = Sirius.FlingoLingo;
				PRODUCT_NAME = "$(TARGET_NAME)";
				SWIFT_EMIT_LOC_STRINGS = YES;
				SWIFT_VERSION = 5.0;
				TARGETED_DEVICE_FAMILY = 1;
			};
			name = Debug;
		};
		3CADB96429E6D136006E92C9 /* Release */ = {
			isa = XCBuildConfiguration;
			baseConfigurationReference = 28F4BC347823285BC8ECC2B7 /* Pods-FlingoLingo.release.xcconfig */;
			buildSettings = {
				ASSETCATALOG_COMPILER_APPICON_NAME = AppIcon;
				ASSETCATALOG_COMPILER_GLOBAL_ACCENT_COLOR_NAME = AccentColor;
				CODE_SIGN_STYLE = Automatic;
				CURRENT_PROJECT_VERSION = 1;
				DEVELOPMENT_TEAM = WS5WFL9CRG;
				GENERATE_INFOPLIST_FILE = YES;
				INFOPLIST_FILE = FlingoLingo/Info.plist;
				INFOPLIST_KEY_UIApplicationSupportsIndirectInputEvents = YES;
				INFOPLIST_KEY_UILaunchStoryboardName = LaunchScreen;
				INFOPLIST_KEY_UIMainStoryboardFile = "";
				INFOPLIST_KEY_UIStatusBarStyle = UIStatusBarStyleDarkContent;
				INFOPLIST_KEY_UISupportedInterfaceOrientations_iPad = UIInterfaceOrientationPortrait;
				INFOPLIST_KEY_UISupportedInterfaceOrientations_iPhone = UIInterfaceOrientationPortrait;
				IPHONEOS_DEPLOYMENT_TARGET = 16.0;
				LD_RUNPATH_SEARCH_PATHS = (
					"$(inherited)",
					"@executable_path/Frameworks",
				);
				MARKETING_VERSION = 1.0;
				PRODUCT_BUNDLE_IDENTIFIER = Sirius.FlingoLingo;
				PRODUCT_NAME = "$(TARGET_NAME)";
				SWIFT_EMIT_LOC_STRINGS = YES;
				SWIFT_VERSION = 5.0;
				TARGETED_DEVICE_FAMILY = 1;
			};
			name = Release;
		};
/* End XCBuildConfiguration section */

/* Begin XCConfigurationList section */
		3CADB94929E6D134006E92C9 /* Build configuration list for PBXProject "FlingoLingo" */ = {
			isa = XCConfigurationList;
			buildConfigurations = (
				3CADB96029E6D136006E92C9 /* Debug */,
				3CADB96129E6D136006E92C9 /* Release */,
			);
			defaultConfigurationIsVisible = 0;
			defaultConfigurationName = Release;
		};
		3CADB96229E6D136006E92C9 /* Build configuration list for PBXNativeTarget "FlingoLingo" */ = {
			isa = XCConfigurationList;
			buildConfigurations = (
				3CADB96329E6D136006E92C9 /* Debug */,
				3CADB96429E6D136006E92C9 /* Release */,
			);
			defaultConfigurationIsVisible = 0;
			defaultConfigurationName = Release;
		};
/* End XCConfigurationList section */

/* Begin XCRemoteSwiftPackageReference section */
		48105D2829F19ADA005216AE /* XCRemoteSwiftPackageReference "SkeletonUI" */ = {
			isa = XCRemoteSwiftPackageReference;
			repositoryURL = "https://github.com/CSolanaM/SkeletonUI.git";
			requirement = {
				kind = upToNextMajorVersion;
				minimumVersion = 1.0.0;
			};
		};
/* End XCRemoteSwiftPackageReference section */

/* Begin XCSwiftPackageProductDependency section */
		3CCE816529E7078200EAF382 /* Umbrella */ = {
			isa = XCSwiftPackageProductDependency;
			productName = Umbrella;
		};
		48105D2929F19ADA005216AE /* SkeletonUI */ = {
			isa = XCSwiftPackageProductDependency;
			package = 48105D2829F19ADA005216AE /* XCRemoteSwiftPackageReference "SkeletonUI" */;
			productName = SkeletonUI;
		};
/* End XCSwiftPackageProductDependency section */
	};
	rootObject = 3CADB94629E6D134006E92C9 /* Project object */;
}
